{
  "name": "repro",
  "version": "1.0.0",
  "lockfileVersion": 3,
  "requires": true,
  "packages": {
    "": {
      "name": "repro",
      "version": "1.0.0",
      "license": "ISC",
      "devDependencies": {
        "typescript": "^5.7.0-dev.20240913"
      }
    },
    "node_modules/typescript": {
      "version": "5.7.0-dev.20240913",
      "resolved": "https://registry.npmjs.org/typescript/-/typescript-5.7.0-dev.20240913.tgz",
      "integrity": "sha512-cnMtLIMpmtz4XXNNvXJ8A8Mi8E1Q74cka3qcGnYVRWPqe9GmUvFI6vfcupvr9IjKBMVjpHgG5SuR5Da0Hv6CJA==",
      "dev": true,
      "license": "Apache-2.0",
      "bin": {
        "tsc": "bin/tsc",
        "tsserver": "bin/tsserver"
      },
      "engines": {
        "node": ">=14.17"
      }
    },
    "server": {
      "version": "1.0.0",
      "extraneous": true,
      "license": "ISC"
    }
  }
}
